
Microsoft Visual Studio Solution File, Format Version 12.00
# Visual Studio Version 17
VisualStudioVersion = 17.5.33424.131
MinimumVisualStudioVersion = 10.0.40219.1
Project("{FAE04EC0-301F-11D3-BF4B-00C04F79EFBC}") = "CP 372023", "CP 372023\CP 372023.csproj", "{3A00475A-920C-412B-97E8-5BE19819A55E}"
EndProject
Project("{FAE04EC0-301F-11D3-BF4B-00C04F79EFBC}") = "P03072023", "P03072023\P03072023.csproj", "{EF78A2E2-80F3-4482-8B16-0B8E5A19D543}"
EndProject
Global
	GlobalSection(SolutionConfigurationPlatforms) = preSolution
		Debug|Any CPU = Debug|Any CPU
		Release|Any CPU = Release|Any CPU
	EndGlobalSection
	GlobalSection(ProjectConfigurationPlatforms) = postSolution
		{3A00475A-920C-412B-97E8-5BE19819A55E}.Debug|Any CPU.ActiveCfg = Debug|Any CPU
		{3A00475A-920C-412B-97E8-5BE19819A55E}.Debug|Any CPU.Build.0 = Debug|Any CPU
		{3A00475A-920C-412B-97E8-5BE19819A55E}.Release|Any CPU.ActiveCfg = Release|Any CPU
		{3A00475A-920C-412B-97E8-5BE19819A55E}.Release|Any CPU.Build.0 = Release|Any CPU
		{EF78A2E2-80F3-4482-8B16-0B8E5A19D543}.Debug|Any CPU.ActiveCfg = Debug|Any CPU
		{EF78A2E2-80F3-4482-8B16-0B8E5A19D543}.Debug|Any CPU.Build.0 = Debug|Any CPU
		{EF78A2E2-80F3-4482-8B16-0B8E5A19D543}.Release|Any CPU.ActiveCfg = Release|Any CPU
		{EF78A2E2-80F3-4482-8B16-0B8E5A19D543}.Release|Any CPU.Build.0 = Release|Any CPU
	EndGlobalSection
	GlobalSection(SolutionProperties) = preSolution
		HideSolutionNode = FALSE
	EndGlobalSection
	GlobalSection(ExtensibilityGlobals) = postSolution
		SolutionGuid = {83BD3618-94CE-4E38-8660-3C89B54F4756}
	EndGlobalSection
EndGlobal
